{
  "nodes": {
    "nixpkgs": {
      "locked": {
        "lastModified": 1629320487,
        "narHash": "sha256-f9oI0A59xEfoO2e4yv2KUncUY/4MbnVZ6Y1HdolFdyY=",
        "owner": "NixOS",
        "repo": "nixpkgs",
        "rev": "804c2669c905ded1ffab7797f11eea50f6e991bc",
        "type": "github"
      },
      "original": {
        "owner": "NixOS",
        "repo": "nixpkgs",
        "type": "github"
      }
    },
    "root": {
      "inputs": {
        "nixpkgs": "nixpkgs",
        "utils": "utils"
      }
    },
    "utils": {
      "locked": {
        "lastModified": 1629284811,
        "narHash": "sha256-JHgasjPR0/J1J3DRm4KxM4zTyAj4IOJY8vIl75v/kPI=",
        "owner": "numtide",
        "repo": "flake-utils",
        "rev": "c5d161cc0af116a2e17f54316f0bf43f0819785c",
        "type": "github"
      },
      "original": {
        "owner": "numtide",
        "repo": "flake-utils",
        "type": "github"
      }
    }
  },
  "root": "root",
  "version": 7
}
